
Microsoft Visual Studio Solution File, Format Version 12.00
# Visual Studio Version 16
VisualStudioVersion = 16.0.30225.117
MinimumVisualStudioVersion = 10.0.40219.1
Project("{FAE04EC0-301F-11D3-BF4B-00C04F79EFBC}") = "MusicShare.Service", "MusicShare.Service\MusicShare.Service.csproj", "{72D643F9-99ED-49CE-95D7-5391E53C0DC7}"
EndProject
Project("{FAE04EC0-301F-11D3-BF4B-00C04F79EFBC}") = "MusicShare.Interaction.Standard", "MusicShare.Interaction.Standard\MusicShare.Interaction.Standard.csproj", "{7E150732-FEED-4435-BBDB-CE596D8F0E34}"
EndProject
Project("{FAE04EC0-301F-11D3-BF4B-00C04F79EFBC}") = "MusicShare.Interaction", "MusicShare.Interaction\MusicShare.Interaction.csproj", "{BADA3481-3DC0-48CF-9E87-FCF6AE05BCB8}"
EndProject
Project("{FAE04EC0-301F-11D3-BF4B-00C04F79EFBC}") = "MusicShare.Android", "MusicShare.Android\MusicShare.Android.csproj", "{33098608-4514-4E6E-BF31-A02B7882866F}"
EndProject
Project("{9A19103F-16F7-4668-BE54-9A1E7A4F7556}") = "MusicShare", "MusicShare\MusicShare.csproj", "{36E2C660-AD4B-44A2-B804-6016544E2F66}"
EndProject
Global
	GlobalSection(SolutionConfigurationPlatforms) = preSolution
		Debug|Any CPU = Debug|Any CPU
		Release|Any CPU = Release|Any CPU
	EndGlobalSection
	GlobalSection(ProjectConfigurationPlatforms) = postSolution
		{72D643F9-99ED-49CE-95D7-5391E53C0DC7}.Debug|Any CPU.ActiveCfg = Debug|Any CPU
		{72D643F9-99ED-49CE-95D7-5391E53C0DC7}.Debug|Any CPU.Build.0 = Debug|Any CPU
		{72D643F9-99ED-49CE-95D7-5391E53C0DC7}.Release|Any CPU.ActiveCfg = Release|Any CPU
		{72D643F9-99ED-49CE-95D7-5391E53C0DC7}.Release|Any CPU.Build.0 = Release|Any CPU
		{7E150732-FEED-4435-BBDB-CE596D8F0E34}.Debug|Any CPU.ActiveCfg = Debug|Any CPU
		{7E150732-FEED-4435-BBDB-CE596D8F0E34}.Debug|Any CPU.Build.0 = Debug|Any CPU
		{7E150732-FEED-4435-BBDB-CE596D8F0E34}.Release|Any CPU.ActiveCfg = Release|Any CPU
		{7E150732-FEED-4435-BBDB-CE596D8F0E34}.Release|Any CPU.Build.0 = Release|Any CPU
		{BADA3481-3DC0-48CF-9E87-FCF6AE05BCB8}.Debug|Any CPU.ActiveCfg = Debug|Any CPU
		{BADA3481-3DC0-48CF-9E87-FCF6AE05BCB8}.Debug|Any CPU.Build.0 = Debug|Any CPU
		{BADA3481-3DC0-48CF-9E87-FCF6AE05BCB8}.Release|Any CPU.ActiveCfg = Release|Any CPU
		{BADA3481-3DC0-48CF-9E87-FCF6AE05BCB8}.Release|Any CPU.Build.0 = Release|Any CPU
		{33098608-4514-4E6E-BF31-A02B7882866F}.Debug|Any CPU.ActiveCfg = Debug|Any CPU
		{33098608-4514-4E6E-BF31-A02B7882866F}.Debug|Any CPU.Build.0 = Debug|Any CPU
		{33098608-4514-4E6E-BF31-A02B7882866F}.Debug|Any CPU.Deploy.0 = Debug|Any CPU
		{33098608-4514-4E6E-BF31-A02B7882866F}.Release|Any CPU.ActiveCfg = Release|Any CPU
		{33098608-4514-4E6E-BF31-A02B7882866F}.Release|Any CPU.Build.0 = Release|Any CPU
		{33098608-4514-4E6E-BF31-A02B7882866F}.Release|Any CPU.Deploy.0 = Release|Any CPU
		{36E2C660-AD4B-44A2-B804-6016544E2F66}.Debug|Any CPU.ActiveCfg = Debug|Any CPU
		{36E2C660-AD4B-44A2-B804-6016544E2F66}.Debug|Any CPU.Build.0 = Debug|Any CPU
		{36E2C660-AD4B-44A2-B804-6016544E2F66}.Release|Any CPU.ActiveCfg = Release|Any CPU
		{36E2C660-AD4B-44A2-B804-6016544E2F66}.Release|Any CPU.Build.0 = Release|Any CPU
	EndGlobalSection
	GlobalSection(SolutionProperties) = preSolution
		HideSolutionNode = FALSE
	EndGlobalSection
	GlobalSection(ExtensibilityGlobals) = postSolution
		SolutionGuid = {FB76EB0F-A628-4467-A034-86B9FE783C4E}
	EndGlobalSection
EndGlobal
